
Microsoft Visual Studio Solution File, Format Version 12.00
# Visual Studio Version 17
VisualStudioVersion = 17.4.33205.214
MinimumVisualStudioVersion = 10.0.40219.1
Project("{FAE04EC0-301F-11D3-BF4B-00C04F79EFBC}") = "DataStructureAlgorithms", "DataStructureAlgorithms\DataStructureAlgorithms.csproj", "{B37F9ABC-9640-45FF-A11B-3713AA5C5752}"
EndProject
Global
	GlobalSection(SolutionConfigurationPlatforms) = preSolution
		Debug|Any CPU = Debug|Any CPU
		Release|Any CPU = Release|Any CPU
	EndGlobalSection
	GlobalSection(ProjectConfigurationPlatforms) = postSolution
		{B37F9ABC-9640-45FF-A11B-3713AA5C5752}.Debug|Any CPU.ActiveCfg = Debug|Any CPU
		{B37F9ABC-9640-45FF-A11B-3713AA5C5752}.Debug|Any CPU.Build.0 = Debug|Any CPU
		{B37F9ABC-9640-45FF-A11B-3713AA5C5752}.Release|Any CPU.ActiveCfg = Release|Any CPU
		{B37F9ABC-9640-45FF-A11B-3713AA5C5752}.Release|Any CPU.Build.0 = Release|Any CPU
	EndGlobalSection
	GlobalSection(SolutionProperties) = preSolution
		HideSolutionNode = FALSE
	EndGlobalSection
	GlobalSection(ExtensibilityGlobals) = postSolution
		SolutionGuid = {0CD09A19-1217-458B-B4F4-9527B85B8CD9}
	EndGlobalSection
EndGlobal
